// !$*UTF8*$!
{
	archiveVersion = 1;
	classes = {
	};
	objectVersion = 46;
	objects = {

/* Begin PBXBuildFile section */
		8D59A354445048220E596A02 /* libPods.a in Frameworks */ = {isa = PBXBuildFile; fileRef = C92F132CDC0E09A7269F7511 /* libPods.a */; };
		C970E8551B0FC3C50083CD71 /* main.m in Sources */ = {isa = PBXBuildFile; fileRef = C970E8541B0FC3C50083CD71 /* main.m */; };
		C970E8581B0FC3C50083CD71 /* AppDelegate.m in Sources */ = {isa = PBXBuildFile; fileRef = C970E8571B0FC3C50083CD71 /* AppDelegate.m */; };
		C970E85B1B0FC3C50083CD71 /* ViewController.m in Sources */ = {isa = PBXBuildFile; fileRef = C970E85A1B0FC3C50083CD71 /* ViewController.m */; };
		C970E85E1B0FC3C50083CD71 /* Main.storyboard in Resources */ = {isa = PBXBuildFile; fileRef = C970E85C1B0FC3C50083CD71 /* Main.storyboard */; };
		C970E8601B0FC3C50083CD71 /* Images.xcassets in Resources */ = {isa = PBXBuildFile; fileRef = C970E85F1B0FC3C50083CD71 /* Images.xcassets */; };
		C970E8631B0FC3C50083CD71 /* LaunchScreen.xib in Resources */ = {isa = PBXBuildFile; fileRef = C970E8611B0FC3C50083CD71 /* LaunchScreen.xib */; };
		C970E86F1B0FC3C50083CD71 /* notionTests.m in Sources */ = {isa = PBXBuildFile; fileRef = C970E86E1B0FC3C50083CD71 /* notionTests.m */; };
		C982C0171B0FC5B9001CB228 /* SelectedConceptListViewController.m in Sources */ = {isa = PBXBuildFile; fileRef = C982C0151B0FC5B9001CB228 /* SelectedConceptListViewController.m */; };
		C982C0181B0FC5B9001CB228 /* SelectedConceptListViewController.xib in Resources */ = {isa = PBXBuildFile; fileRef = C982C0161B0FC5B9001CB228 /* SelectedConceptListViewController.xib */; };
		C982C01B1B0FCE1B001CB228 /* SelectedConceptsCollectionFlowLayout.m in Sources */ = {isa = PBXBuildFile; fileRef = C982C01A1B0FCE1B001CB228 /* SelectedConceptsCollectionFlowLayout.m */; };
		C982C0221B0FD08C001CB228 /* SelectedConceptCollectionViewCell.m in Sources */ = {isa = PBXBuildFile; fileRef = C982C0201B0FD08C001CB228 /* SelectedConceptCollectionViewCell.m */; };
		C982C0231B0FD08C001CB228 /* SelectedConceptCollectionViewCell.xib in Resources */ = {isa = PBXBuildFile; fileRef = C982C0211B0FD08C001CB228 /* SelectedConceptCollectionViewCell.xib */; };
/* End PBXBuildFile section */

/* Begin PBXContainerItemProxy section */
		C970E8691B0FC3C50083CD71 /* PBXContainerItemProxy */ = {
			isa = PBXContainerItemProxy;
			containerPortal = C970E8471B0FC3C50083CD71 /* Project object */;
			proxyType = 1;
			remoteGlobalIDString = C970E84E1B0FC3C50083CD71;
			remoteInfo = notion;
		};
/* End PBXContainerItemProxy section */

/* Begin PBXFileReference section */
		0428737949FE248CE2C7201D /* Pods.release.xcconfig */ = {isa = PBXFileReference; includeInIndex = 1; lastKnownFileType = text.xcconfig; name = Pods.release.xcconfig; path = "Pods/Target Support Files/Pods/Pods.release.xcconfig"; sourceTree = "<group>"; };
		5D10EEC3E2D0B2FBCA6B794D /* Pods.debug.xcconfig */ = {isa = PBXFileReference; includeInIndex = 1; lastKnownFileType = text.xcconfig; name = Pods.debug.xcconfig; path = "Pods/Target Support Files/Pods/Pods.debug.xcconfig"; sourceTree = "<group>"; };
		C92F132CDC0E09A7269F7511 /* libPods.a */ = {isa = PBXFileReference; explicitFileType = archive.ar; includeInIndex = 0; path = libPods.a; sourceTree = BUILT_PRODUCTS_DIR; };
		C970E84F1B0FC3C50083CD71 /* notion.app */ = {isa = PBXFileReference; explicitFileType = wrapper.application; includeInIndex = 0; path = notion.app; sourceTree = BUILT_PRODUCTS_DIR; };
		C970E8531B0FC3C50083CD71 /* Info.plist */ = {isa = PBXFileReference; lastKnownFileType = text.plist.xml; path = Info.plist; sourceTree = "<group>"; };
		C970E8541B0FC3C50083CD71 /* main.m */ = {isa = PBXFileReference; lastKnownFileType = sourcecode.c.objc; path = main.m; sourceTree = "<group>"; };
		C970E8561B0FC3C50083CD71 /* AppDelegate.h */ = {isa = PBXFileReference; lastKnownFileType = sourcecode.c.h; path = AppDelegate.h; sourceTree = "<group>"; };
		C970E8571B0FC3C50083CD71 /* AppDelegate.m */ = {isa = PBXFileReference; lastKnownFileType = sourcecode.c.objc; path = AppDelegate.m; sourceTree = "<group>"; };
		C970E8591B0FC3C50083CD71 /* ViewController.h */ = {isa = PBXFileReference; lastKnownFileType = sourcecode.c.h; path = ViewController.h; sourceTree = "<group>"; };
		C970E85A1B0FC3C50083CD71 /* ViewController.m */ = {isa = PBXFileReference; lastKnownFileType = sourcecode.c.objc; path = ViewController.m; sourceTree = "<group>"; };
		C970E85D1B0FC3C50083CD71 /* Base */ = {isa = PBXFileReference; lastKnownFileType = file.storyboard; name = Base; path = Base.lproj/Main.storyboard; sourceTree = "<group>"; };
		C970E85F1B0FC3C50083CD71 /* Images.xcassets */ = {isa = PBXFileReference; lastKnownFileType = folder.assetcatalog; path = Images.xcassets; sourceTree = "<group>"; };
		C970E8621B0FC3C50083CD71 /* Base */ = {isa = PBXFileReference; lastKnownFileType = file.xib; name = Base; path = Base.lproj/LaunchScreen.xib; sourceTree = "<group>"; };
		C970E8681B0FC3C50083CD71 /* notionTests.xctest */ = {isa = PBXFileReference; explicitFileType = wrapper.cfbundle; includeInIndex = 0; path = notionTests.xctest; sourceTree = BUILT_PRODUCTS_DIR; };
		C970E86D1B0FC3C50083CD71 /* Info.plist */ = {isa = PBXFileReference; lastKnownFileType = text.plist.xml; path = Info.plist; sourceTree = "<group>"; };
		C970E86E1B0FC3C50083CD71 /* notionTests.m */ = {isa = PBXFileReference; lastKnownFileType = sourcecode.c.objc; path = notionTests.m; sourceTree = "<group>"; };
		C982C0141B0FC5B9001CB228 /* SelectedConceptListViewController.h */ = {isa = PBXFileReference; fileEncoding = 4; lastKnownFileType = sourcecode.c.h; path = SelectedConceptListViewController.h; sourceTree = "<group>"; };
		C982C0151B0FC5B9001CB228 /* SelectedConceptListViewController.m */ = {isa = PBXFileReference; fileEncoding = 4; lastKnownFileType = sourcecode.c.objc; path = SelectedConceptListViewController.m; sourceTree = "<group>"; };
		C982C0161B0FC5B9001CB228 /* SelectedConceptListViewController.xib */ = {isa = PBXFileReference; fileEncoding = 4; lastKnownFileType = file.xib; path = SelectedConceptListViewController.xib; sourceTree = "<group>"; };
		C982C0191B0FCE1B001CB228 /* SelectedConceptsCollectionFlowLayout.h */ = {isa = PBXFileReference; fileEncoding = 4; lastKnownFileType = sourcecode.c.h; path = SelectedConceptsCollectionFlowLayout.h; sourceTree = "<group>"; };
		C982C01A1B0FCE1B001CB228 /* SelectedConceptsCollectionFlowLayout.m */ = {isa = PBXFileReference; fileEncoding = 4; lastKnownFileType = sourcecode.c.objc; path = SelectedConceptsCollectionFlowLayout.m; sourceTree = "<group>"; };
		C982C01F1B0FD08C001CB228 /* SelectedConceptCollectionViewCell.h */ = {isa = PBXFileReference; fileEncoding = 4; lastKnownFileType = sourcecode.c.h; path = SelectedConceptCollectionViewCell.h; sourceTree = "<group>"; };
		C982C0201B0FD08C001CB228 /* SelectedConceptCollectionViewCell.m */ = {isa = PBXFileReference; fileEncoding = 4; lastKnownFileType = sourcecode.c.objc; path = SelectedConceptCollectionViewCell.m; sourceTree = "<group>"; };
		C982C0211B0FD08C001CB228 /* SelectedConceptCollectionViewCell.xib */ = {isa = PBXFileReference; fileEncoding = 4; lastKnownFileType = file.xib; path = SelectedConceptCollectionViewCell.xib; sourceTree = "<group>"; };
/* End PBXFileReference section */

/* Begin PBXFrameworksBuildPhase section */
		C970E84C1B0FC3C50083CD71 /* Frameworks */ = {
			isa = PBXFrameworksBuildPhase;
			buildActionMask = 2147483647;
			files = (
				8D59A354445048220E596A02 /* libPods.a in Frameworks */,
			);
			runOnlyForDeploymentPostprocessing = 0;
		};
		C970E8651B0FC3C50083CD71 /* Frameworks */ = {
			isa = PBXFrameworksBuildPhase;
			buildActionMask = 2147483647;
			files = (
			);
			runOnlyForDeploymentPostprocessing = 0;
		};
/* End PBXFrameworksBuildPhase section */

/* Begin PBXGroup section */
		2018133CC52880A75DC62567 /* Frameworks */ = {
			isa = PBXGroup;
			children = (
				C92F132CDC0E09A7269F7511 /* libPods.a */,
			);
			name = Frameworks;
			sourceTree = "<group>";
		};
		848E4A570EE448D86F2B3718 /* Pods */ = {
			isa = PBXGroup;
			children = (
				5D10EEC3E2D0B2FBCA6B794D /* Pods.debug.xcconfig */,
				0428737949FE248CE2C7201D /* Pods.release.xcconfig */,
			);
			name = Pods;
			sourceTree = "<group>";
		};
		C970E8461B0FC3C50083CD71 = {
			isa = PBXGroup;
			children = (
				C970E8511B0FC3C50083CD71 /* notion */,
				C970E86B1B0FC3C50083CD71 /* notionTests */,
				C970E8501B0FC3C50083CD71 /* Products */,
				848E4A570EE448D86F2B3718 /* Pods */,
				2018133CC52880A75DC62567 /* Frameworks */,
			);
			sourceTree = "<group>";
		};
		C970E8501B0FC3C50083CD71 /* Products */ = {
			isa = PBXGroup;
			children = (
				C970E84F1B0FC3C50083CD71 /* notion.app */,
				C970E8681B0FC3C50083CD71 /* notionTests.xctest */,
			);
			name = Products;
			sourceTree = "<group>";
		};
		C970E8511B0FC3C50083CD71 /* notion */ = {
			isa = PBXGroup;
			children = (
				C970E8561B0FC3C50083CD71 /* AppDelegate.h */,
				C970E8571B0FC3C50083CD71 /* AppDelegate.m */,
				C970E8591B0FC3C50083CD71 /* ViewController.h */,
				C970E85A1B0FC3C50083CD71 /* ViewController.m */,
				C970E85C1B0FC3C50083CD71 /* Main.storyboard */,
				C970E85F1B0FC3C50083CD71 /* Images.xcassets */,
				C970E8611B0FC3C50083CD71 /* LaunchScreen.xib */,
				C970E8521B0FC3C50083CD71 /* Supporting Files */,
				C982C0141B0FC5B9001CB228 /* SelectedConceptListViewController.h */,
				C982C0151B0FC5B9001CB228 /* SelectedConceptListViewController.m */,
				C982C0161B0FC5B9001CB228 /* SelectedConceptListViewController.xib */,
				C982C0191B0FCE1B001CB228 /* SelectedConceptsCollectionFlowLayout.h */,
				C982C01A1B0FCE1B001CB228 /* SelectedConceptsCollectionFlowLayout.m */,
				C982C01F1B0FD08C001CB228 /* SelectedConceptCollectionViewCell.h */,
				C982C0201B0FD08C001CB228 /* SelectedConceptCollectionViewCell.m */,
				C982C0211B0FD08C001CB228 /* SelectedConceptCollectionViewCell.xib */,
			);
			path = notion;
			sourceTree = "<group>";
		};
		C970E8521B0FC3C50083CD71 /* Supporting Files */ = {
			isa = PBXGroup;
			children = (
				C970E8531B0FC3C50083CD71 /* Info.plist */,
				C970E8541B0FC3C50083CD71 /* main.m */,
			);
			name = "Supporting Files";
			sourceTree = "<group>";
		};
		C970E86B1B0FC3C50083CD71 /* notionTests */ = {
			isa = PBXGroup;
			children = (
				C970E86E1B0FC3C50083CD71 /* notionTests.m */,
				C970E86C1B0FC3C50083CD71 /* Supporting Files */,
			);
			path = notionTests;
			sourceTree = "<group>";
		};
		C970E86C1B0FC3C50083CD71 /* Supporting Files */ = {
			isa = PBXGroup;
			children = (
				C970E86D1B0FC3C50083CD71 /* Info.plist */,
			);
			name = "Supporting Files";
			sourceTree = "<group>";
		};
/* End PBXGroup section */

/* Begin PBXNativeTarget section */
		C970E84E1B0FC3C50083CD71 /* notion */ = {
			isa = PBXNativeTarget;
			buildConfigurationList = C970E8721B0FC3C50083CD71 /* Build configuration list for PBXNativeTarget "notion" */;
			buildPhases = (
				0B12F588AB76E172D4594053 /* Check Pods Manifest.lock */,
				C970E84B1B0FC3C50083CD71 /* Sources */,
				C970E84C1B0FC3C50083CD71 /* Frameworks */,
				C970E84D1B0FC3C50083CD71 /* Resources */,
				37B727A087ED6E581C1BFBCD /* Copy Pods Resources */,
			);
			buildRules = (
			);
			dependencies = (
			);
			name = notion;
			productName = notion;
			productReference = C970E84F1B0FC3C50083CD71 /* notion.app */;
			productType = "com.apple.product-type.application";
		};
		C970E8671B0FC3C50083CD71 /* notionTests */ = {
			isa = PBXNativeTarget;
			buildConfigurationList = C970E8751B0FC3C50083CD71 /* Build configuration list for PBXNativeTarget "notionTests" */;
			buildPhases = (
				C970E8641B0FC3C50083CD71 /* Sources */,
				C970E8651B0FC3C50083CD71 /* Frameworks */,
				C970E8661B0FC3C50083CD71 /* Resources */,
			);
			buildRules = (
			);
			dependencies = (
				C970E86A1B0FC3C50083CD71 /* PBXTargetDependency */,
			);
			name = notionTests;
			productName = notionTests;
			productReference = C970E8681B0FC3C50083CD71 /* notionTests.xctest */;
			productType = "com.apple.product-type.bundle.unit-test";
		};
/* End PBXNativeTarget section */

/* Begin PBXProject section */
		C970E8471B0FC3C50083CD71 /* Project object */ = {
			isa = PBXProject;
			attributes = {
				LastUpgradeCheck = 0630;
				ORGANIZATIONNAME = seppo0010;
				TargetAttributes = {
					C970E84E1B0FC3C50083CD71 = {
						CreatedOnToolsVersion = 6.3.2;
					};
					C970E8671B0FC3C50083CD71 = {
						CreatedOnToolsVersion = 6.3.2;
						TestTargetID = C970E84E1B0FC3C50083CD71;
					};
				};
			};
			buildConfigurationList = C970E84A1B0FC3C50083CD71 /* Build configuration list for PBXProject "notion" */;
			compatibilityVersion = "Xcode 3.2";
			developmentRegion = English;
			hasScannedForEncodings = 0;
			knownRegions = (
				en,
				Base,
			);
			mainGroup = C970E8461B0FC3C50083CD71;
			productRefGroup = C970E8501B0FC3C50083CD71 /* Products */;
			projectDirPath = "";
			projectRoot = "";
			targets = (
				C970E84E1B0FC3C50083CD71 /* notion */,
				C970E8671B0FC3C50083CD71 /* notionTests */,
			);
		};
/* End PBXProject section */

/* Begin PBXResourcesBuildPhase section */
		C970E84D1B0FC3C50083CD71 /* Resources */ = {
			isa = PBXResourcesBuildPhase;
			buildActionMask = 2147483647;
			files = (
				C982C0231B0FD08C001CB228 /* SelectedConceptCollectionViewCell.xib in Resources */,
				C970E85E1B0FC3C50083CD71 /* Main.storyboard in Resources */,
				C970E8631B0FC3C50083CD71 /* LaunchScreen.xib in Resources */,
				C982C0181B0FC5B9001CB228 /* SelectedConceptListViewController.xib in Resources */,
				C970E8601B0FC3C50083CD71 /* Images.xcassets in Resources */,
			);
			runOnlyForDeploymentPostprocessing = 0;
		};
		C970E8661B0FC3C50083CD71 /* Resources */ = {
			isa = PBXResourcesBuildPhase;
			buildActionMask = 2147483647;
			files = (
			);
			runOnlyForDeploymentPostprocessing = 0;
		};
/* End PBXResourcesBuildPhase section */

/* Begin PBXShellScriptBuildPhase section */
		0B12F588AB76E172D4594053 /* Check Pods Manifest.lock */ = {
			isa = PBXShellScriptBuildPhase;
			buildActionMask = 2147483647;
			files = (
			);
			inputPaths = (
			);
			name = "Check Pods Manifest.lock";
			outputPaths = (
			);
			runOnlyForDeploymentPostprocessing = 0;
			shellPath = /bin/sh;
			shellScript = "diff \"${PODS_ROOT}/../Podfile.lock\" \"${PODS_ROOT}/Manifest.lock\" > /dev/null\nif [[ $? != 0 ]] ; then\n    cat << EOM\nerror: The sandbox is not in sync with the Podfile.lock. Run 'pod install' or update your CocoaPods installation.\nEOM\n    exit 1\nfi\n";
			showEnvVarsInLog = 0;
		};
		37B727A087ED6E581C1BFBCD /* Copy Pods Resources */ = {
			isa = PBXShellScriptBuildPhase;
			buildActionMask = 2147483647;
			files = (
			);
			inputPaths = (
			);
			name = "Copy Pods Resources";
			outputPaths = (
			);
			runOnlyForDeploymentPostprocessing = 0;
			shellPath = /bin/sh;
			shellScript = "\"${SRCROOT}/Pods/Target Support Files/Pods/Pods-resources.sh\"\n";
			showEnvVarsInLog = 0;
		};
/* End PBXShellScriptBuildPhase section */

/* Begin PBXSourcesBuildPhase section */
		C970E84B1B0FC3C50083CD71 /* Sources */ = {
			isa = PBXSourcesBuildPhase;
			buildActionMask = 2147483647;
			files = (
				C970E85B1B0FC3C50083CD71 /* ViewController.m in Sources */,
				C970E8581B0FC3C50083CD71 /* AppDelegate.m in Sources */,
				C982C0221B0FD08C001CB228 /* SelectedConceptCollectionViewCell.m in Sources */,
				C982C0171B0FC5B9001CB228 /* SelectedConceptListViewController.m in Sources */,
				C970E8551B0FC3C50083CD71 /* main.m in Sources */,
				C982C01B1B0FCE1B001CB228 /* SelectedConceptsCollectionFlowLayout.m in Sources */,
			);
			runOnlyForDeploymentPostprocessing = 0;
		};
		C970E8641B0FC3C50083CD71 /* Sources */ = {
			isa = PBXSourcesBuildPhase;
			buildActionMask = 2147483647;
			files = (
				C970E86F1B0FC3C50083CD71 /* notionTests.m in Sources */,
			);
			runOnlyForDeploymentPostprocessing = 0;
		};
/* End PBXSourcesBuildPhase section */

/* Begin PBXTargetDependency section */
		C970E86A1B0FC3C50083CD71 /* PBXTargetDependency */ = {
			isa = PBXTargetDependency;
			target = C970E84E1B0FC3C50083CD71 /* notion */;
			targetProxy = C970E8691B0FC3C50083CD71 /* PBXContainerItemProxy */;
		};
/* End PBXTargetDependency section */

/* Begin PBXVariantGroup section */
		C970E85C1B0FC3C50083CD71 /* Main.storyboard */ = {
			isa = PBXVariantGroup;
			children = (
				C970E85D1B0FC3C50083CD71 /* Base */,
			);
			name = Main.storyboard;
			sourceTree = "<group>";
		};
		C970E8611B0FC3C50083CD71 /* LaunchScreen.xib */ = {
			isa = PBXVariantGroup;
			children = (
				C970E8621B0FC3C50083CD71 /* Base */,
			);
			name = LaunchScreen.xib;
			sourceTree = "<group>";
		};
/* End PBXVariantGroup section */

/* Begin XCBuildConfiguration section */
		C970E8701B0FC3C50083CD71 /* Debug */ = {
			isa = XCBuildConfiguration;
			buildSettings = {
				ALWAYS_SEARCH_USER_PATHS = NO;
				CLANG_CXX_LANGUAGE_STANDARD = "gnu++0x";
				CLANG_CXX_LIBRARY = "libc++";
				CLANG_ENABLE_MODULES = YES;
				CLANG_ENABLE_OBJC_ARC = YES;
				CLANG_WARN_BOOL_CONVERSION = YES;
				CLANG_WARN_CONSTANT_CONVERSION = YES;
				CLANG_WARN_DIRECT_OBJC_ISA_USAGE = YES_ERROR;
				CLANG_WARN_EMPTY_BODY = YES;
				CLANG_WARN_ENUM_CONVERSION = YES;
				CLANG_WARN_INT_CONVERSION = YES;
				CLANG_WARN_OBJC_ROOT_CLASS = YES_ERROR;
				CLANG_WARN_UNREACHABLE_CODE = YES;
				CLANG_WARN__DUPLICATE_METHOD_MATCH = YES;
				"CODE_SIGN_IDENTITY[sdk=iphoneos*]" = "iPhone Developer";
				COPY_PHASE_STRIP = NO;
				DEBUG_INFORMATION_FORMAT = "dwarf-with-dsym";
				ENABLE_STRICT_OBJC_MSGSEND = YES;
				GCC_C_LANGUAGE_STANDARD = gnu99;
				GCC_DYNAMIC_NO_PIC = NO;
				GCC_NO_COMMON_BLOCKS = YES;
				GCC_OPTIMIZATION_LEVEL = 0;
				GCC_PREPROCESSOR_DEFINITIONS = (
					"DEBUG=1",
					"$(inherited)",
				);
				GCC_SYMBOLS_PRIVATE_EXTERN = NO;
				GCC_WARN_64_TO_32_BIT_CONVERSION = YES;
				GCC_WARN_ABOUT_RETURN_TYPE = YES_ERROR;
				GCC_WARN_UNDECLARED_SELECTOR = YES;
				GCC_WARN_UNINITIALIZED_AUTOS = YES_AGGRESSIVE;
				GCC_WARN_UNUSED_FUNCTION = YES;
				GCC_WARN_UNUSED_VARIABLE = YES;
				IPHONEOS_DEPLOYMENT_TARGET = 8.3;
				MTL_ENABLE_DEBUG_INFO = YES;
				ONLY_ACTIVE_ARCH = YES;
				SDKROOT = iphoneos;
			};
			name = Debug;
		};
		C970E8711B0FC3C50083CD71 /* Release */ = {
			isa = XCBuildConfiguration;
			buildSettings = {
				ALWAYS_SEARCH_USER_PATHS = NO;
				CLANG_CXX_LANGUAGE_STANDARD = "gnu++0x";
				CLANG_CXX_LIBRARY = "libc++";
				CLANG_ENABLE_MODULES = YES;
				CLANG_ENABLE_OBJC_ARC = YES;
				CLANG_WARN_BOOL_CONVERSION = YES;
				CLANG_WARN_CONSTANT_CONVERSION = YES;
				CLANG_WARN_DIRECT_OBJC_ISA_USAGE = YES_ERROR;
				CLANG_WARN_EMPTY_BODY = YES;
				CLANG_WARN_ENUM_CONVERSION = YES;
				CLANG_WARN_INT_CONVERSION = YES;
				CLANG_WARN_OBJC_ROOT_CLASS = YES_ERROR;
				CLANG_WARN_UNREACHABLE_CODE = YES;
				CLANG_WARN__DUPLICATE_METHOD_MATCH = YES;
				"CODE_SIGN_IDENTITY[sdk=iphoneos*]" = "iPhone Developer";
				COPY_PHASE_STRIP = NO;
				DEBUG_INFORMATION_FORMAT = "dwarf-with-dsym";
				ENABLE_NS_ASSERTIONS = NO;
				ENABLE_STRICT_OBJC_MSGSEND = YES;
				GCC_C_LANGUAGE_STANDARD = gnu99;
				GCC_NO_COMMON_BLOCKS = YES;
				GCC_WARN_64_TO_32_BIT_CONVERSION = YES;
				GCC_WARN_ABOUT_RETURN_TYPE = YES_ERROR;
				GCC_WARN_UNDECLARED_SELECTOR = YES;
				GCC_WARN_UNINITIALIZED_AUTOS = YES_AGGRESSIVE;
				GCC_WARN_UNUSED_FUNCTION = YES;
				GCC_WARN_UNUSED_VARIABLE = YES;
				IPHONEOS_DEPLOYMENT_TARGET = 8.3;
				MTL_ENABLE_DEBUG_INFO = NO;
				SDKROOT = iphoneos;
				VALIDATE_PRODUCT = YES;
			};
			name = Release;
		};
		C970E8731B0FC3C50083CD71 /* Debug */ = {
			isa = XCBuildConfiguration;
			baseConfigurationReference = 5D10EEC3E2D0B2FBCA6B794D /* Pods.debug.xcconfig */;
			buildSettings = {
				ASSETCATALOG_COMPILER_APPICON_NAME = AppIcon;
				INFOPLIST_FILE = notion/Info.plist;
				LD_RUNPATH_SEARCH_PATHS = "$(inherited) @executable_path/Frameworks";
				PRODUCT_NAME = "$(TARGET_NAME)";
			};
			name = Debug;
		};
		C970E8741B0FC3C50083CD71 /* Release */ = {
			isa = XCBuildConfiguration;
			baseConfigurationReference = 0428737949FE248CE2C7201D /* Pods.release.xcconfig */;
			buildSettings = {
				ASSETCATALOG_COMPILER_APPICON_NAME = AppIcon;
				INFOPLIST_FILE = notion/Info.plist;
				LD_RUNPATH_SEARCH_PATHS = "$(inherited) @executable_path/Frameworks";
				PRODUCT_NAME = "$(TARGET_NAME)";
			};
			name = Release;
		};
		C970E8761B0FC3C50083CD71 /* Debug */ = {
			isa = XCBuildConfiguration;
			buildSettings = {
				BUNDLE_LOADER = "$(TEST_HOST)";
				FRAMEWORK_SEARCH_PATHS = (
					"$(SDKROOT)/Developer/Library/Frameworks",
					"$(inherited)",
				);
				GCC_PREPROCESSOR_DEFINITIONS = (
					"DEBUG=1",
					"$(inherited)",
				);
				INFOPLIST_FILE = notionTests/Info.plist;
				LD_RUNPATH_SEARCH_PATHS = "$(inherited) @executable_path/Frameworks @loader_path/Frameworks";
				PRODUCT_NAME = "$(TARGET_NAME)";
				TEST_HOST = "$(BUILT_PRODUCTS_DIR)/notion.app/notion";
			};
			name = Debug;
		};
		C970E8771B0FC3C50083CD71 /* Release */ = {
			isa = XCBuildConfiguration;
			buildSettings = {
				BUNDLE_LOADER = "$(TEST_HOST)";
				FRAMEWORK_SEARCH_PATHS = (
					"$(SDKROOT)/Developer/Library/Frameworks",
					"$(inherited)",
				);
				INFOPLIST_FILE = notionTests/Info.plist;
				LD_RUNPATH_SEARCH_PATHS = "$(inherited) @executable_path/Frameworks @loader_path/Frameworks";
				PRODUCT_NAME = "$(TARGET_NAME)";
				TEST_HOST = "$(BUILT_PRODUCTS_DIR)/notion.app/notion";
			};
			name = Release;
		};
/* End XCBuildConfiguration section */

/* Begin XCConfigurationList section */
		C970E84A1B0FC3C50083CD71 /* Build configuration list for PBXProject "notion" */ = {
			isa = XCConfigurationList;
			buildConfigurations = (
				C970E8701B0FC3C50083CD71 /* Debug */,
				C970E8711B0FC3C50083CD71 /* Release */,
			);
			defaultConfigurationIsVisible = 0;
			defaultConfigurationName = Release;
		};
		C970E8721B0FC3C50083CD71 /* Build configuration list for PBXNativeTarget "notion" */ = {
			isa = XCConfigurationList;
			buildConfigurations = (
				C970E8731B0FC3C50083CD71 /* Debug */,
				C970E8741B0FC3C50083CD71 /* Release */,
			);
			defaultConfigurationIsVisible = 0;
			defaultConfigurationName = Release;
		};
		C970E8751B0FC3C50083CD71 /* Build configuration list for PBXNativeTarget "notionTests" */ = {
			isa = XCConfigurationList;
			buildConfigurations = (
				C970E8761B0FC3C50083CD71 /* Debug */,
				C970E8771B0FC3C50083CD71 /* Release */,
			);
			defaultConfigurationIsVisible = 0;
			defaultConfigurationName = Release;
		};
/* End XCConfigurationList section */
	};
	rootObject = C970E8471B0FC3C50083CD71 /* Project object */;
}
